
Microsoft Visual Studio Solution File, Format Version 12.00
# Visual Studio 15
VisualStudioVersion = 15.0.28307.572
MinimumVisualStudioVersion = 10.0.40219.1
Project("{FAE04EC0-301F-11D3-BF4B-00C04F79EFBC}") = "ResourceView.Android", "ResourceView\ResourceView.Android\ResourceView.Android.csproj", "{EB0050BC-29FA-4666-913F-1E090DBBD275}"
EndProject
Project("{FAE04EC0-301F-11D3-BF4B-00C04F79EFBC}") = "ResourceView.iOS", "ResourceView\ResourceView.iOS\ResourceView.iOS.csproj", "{A8D263E0-FAA2-4AC8-BA40-FD3C5D06BB65}"
EndProject
Project("{FAE04EC0-301F-11D3-BF4B-00C04F79EFBC}") = "ResourceView.UWP", "ResourceView\ResourceView.UWP\ResourceView.UWP.csproj", "{CC8264A0-8A63-400D-8205-5D7397187473}"
EndProject
Project("{FAE04EC0-301F-11D3-BF4B-00C04F79EFBC}") = "ResourceView", "ResourceView\ResourceView\ResourceView.csproj", "{33A1920B-1B36-4403-8F97-2CDE69092199}"
EndProject
Global
	GlobalSection(SolutionConfigurationPlatforms) = preSolution
		Ad-Hoc|Any CPU = Ad-Hoc|Any CPU
		Ad-Hoc|ARM = Ad-Hoc|ARM
		Ad-Hoc|iPhone = Ad-Hoc|iPhone
		Ad-Hoc|iPhoneSimulator = Ad-Hoc|iPhoneSimulator
		Ad-Hoc|x64 = Ad-Hoc|x64
		Ad-Hoc|x86 = Ad-Hoc|x86
		AppStore|Any CPU = AppStore|Any CPU
		AppStore|ARM = AppStore|ARM
		AppStore|iPhone = AppStore|iPhone
		AppStore|iPhoneSimulator = AppStore|iPhoneSimulator
		AppStore|x64 = AppStore|x64
		AppStore|x86 = AppStore|x86
		Debug|Any CPU = Debug|Any CPU
		Debug|ARM = Debug|ARM
		Debug|iPhone = Debug|iPhone
		Debug|iPhoneSimulator = Debug|iPhoneSimulator
		Debug|x64 = Debug|x64
		Debug|x86 = Debug|x86
		Release|Any CPU = Release|Any CPU
		Release|ARM = Release|ARM
		Release|iPhone = Release|iPhone
		Release|iPhoneSimulator = Release|iPhoneSimulator
		Release|x64 = Release|x64
		Release|x86 = Release|x86
	EndGlobalSection
	GlobalSection(ProjectConfigurationPlatforms) = postSolution
		{EB0050BC-29FA-4666-913F-1E090DBBD275}.Ad-Hoc|Any CPU.ActiveCfg = Release|Any CPU
		{EB0050BC-29FA-4666-913F-1E090DBBD275}.Ad-Hoc|Any CPU.Build.0 = Release|Any CPU
		{EB0050BC-29FA-4666-913F-1E090DBBD275}.Ad-Hoc|Any CPU.Deploy.0 = Release|Any CPU
		{EB0050BC-29FA-4666-913F-1E090DBBD275}.Ad-Hoc|ARM.ActiveCfg = Release|Any CPU
		{EB0050BC-29FA-4666-913F-1E090DBBD275}.Ad-Hoc|ARM.Build.0 = Release|Any CPU
		{EB0050BC-29FA-4666-913F-1E090DBBD275}.Ad-Hoc|ARM.Deploy.0 = Release|Any CPU
		{EB0050BC-29FA-4666-913F-1E090DBBD275}.Ad-Hoc|iPhone.ActiveCfg = Release|Any CPU
		{EB0050BC-29FA-4666-913F-1E090DBBD275}.Ad-Hoc|iPhone.Build.0 = Release|Any CPU
		{EB0050BC-29FA-4666-913F-1E090DBBD275}.Ad-Hoc|iPhone.Deploy.0 = Release|Any CPU
		{EB0050BC-29FA-4666-913F-1E090DBBD275}.Ad-Hoc|iPhoneSimulator.ActiveCfg = Release|Any CPU
		{EB0050BC-29FA-4666-913F-1E090DBBD275}.Ad-Hoc|iPhoneSimulator.Build.0 = Release|Any CPU
		{EB0050BC-29FA-4666-913F-1E090DBBD275}.Ad-Hoc|iPhoneSimulator.Deploy.0 = Release|Any CPU
		{EB0050BC-29FA-4666-913F-1E090DBBD275}.Ad-Hoc|x64.ActiveCfg = Release|Any CPU
		{EB0050BC-29FA-4666-913F-1E090DBBD275}.Ad-Hoc|x64.Build.0 = Release|Any CPU
		{EB0050BC-29FA-4666-913F-1E090DBBD275}.Ad-Hoc|x64.Deploy.0 = Release|Any CPU
		{EB0050BC-29FA-4666-913F-1E090DBBD275}.Ad-Hoc|x86.ActiveCfg = Release|Any CPU
		{EB0050BC-29FA-4666-913F-1E090DBBD275}.Ad-Hoc|x86.Build.0 = Release|Any CPU
		{EB0050BC-29FA-4666-913F-1E090DBBD275}.Ad-Hoc|x86.Deploy.0 = Release|Any CPU
		{EB0050BC-29FA-4666-913F-1E090DBBD275}.AppStore|Any CPU.ActiveCfg = Release|Any CPU
		{EB0050BC-29FA-4666-913F-1E090DBBD275}.AppStore|Any CPU.Build.0 = Release|Any CPU
		{EB0050BC-29FA-4666-913F-1E090DBBD275}.AppStore|Any CPU.Deploy.0 = Release|Any CPU
		{EB0050BC-29FA-4666-913F-1E090DBBD275}.AppStore|ARM.ActiveCfg = Release|Any CPU
		{EB0050BC-29FA-4666-913F-1E090DBBD275}.AppStore|ARM.Build.0 = Release|Any CPU
		{EB0050BC-29FA-4666-913F-1E090DBBD275}.AppStore|ARM.Deploy.0 = Release|Any CPU
		{EB0050BC-29FA-4666-913F-1E090DBBD275}.AppStore|iPhone.ActiveCfg = Release|Any CPU
		{EB0050BC-29FA-4666-913F-1E090DBBD275}.AppStore|iPhone.Build.0 = Release|Any CPU
		{EB0050BC-29FA-4666-913F-1E090DBBD275}.AppStore|iPhone.Deploy.0 = Release|Any CPU
		{EB0050BC-29FA-4666-913F-1E090DBBD275}.AppStore|iPhoneSimulator.ActiveCfg = Release|Any CPU
		{EB0050BC-29FA-4666-913F-1E090DBBD275}.AppStore|iPhoneSimulator.Build.0 = Release|Any CPU
		{EB0050BC-29FA-4666-913F-1E090DBBD275}.AppStore|iPhoneSimulator.Deploy.0 = Release|Any CPU
		{EB0050BC-29FA-4666-913F-1E090DBBD275}.AppStore|x64.ActiveCfg = Release|Any CPU
		{EB0050BC-29FA-4666-913F-1E090DBBD275}.AppStore|x64.Build.0 = Release|Any CPU
		{EB0050BC-29FA-4666-913F-1E090DBBD275}.AppStore|x64.Deploy.0 = Release|Any CPU
		{EB0050BC-29FA-4666-913F-1E090DBBD275}.AppStore|x86.ActiveCfg = Release|Any CPU
		{EB0050BC-29FA-4666-913F-1E090DBBD275}.AppStore|x86.Build.0 = Release|Any CPU
		{EB0050BC-29FA-4666-913F-1E090DBBD275}.AppStore|x86.Deploy.0 = Release|Any CPU
		{EB0050BC-29FA-4666-913F-1E090DBBD275}.Debug|Any CPU.ActiveCfg = Debug|Any CPU
		{EB0050BC-29FA-4666-913F-1E090DBBD275}.Debug|Any CPU.Build.0 = Debug|Any CPU
		{EB0050BC-29FA-4666-913F-1E090DBBD275}.Debug|Any CPU.Deploy.0 = Debug|Any CPU
		{EB0050BC-29FA-4666-913F-1E090DBBD275}.Debug|ARM.ActiveCfg = Debug|Any CPU
		{EB0050BC-29FA-4666-913F-1E090DBBD275}.Debug|ARM.Build.0 = Debug|Any CPU
		{EB0050BC-29FA-4666-913F-1E090DBBD275}.Debug|ARM.Deploy.0 = Debug|Any CPU
		{EB0050BC-29FA-4666-913F-1E090DBBD275}.Debug|iPhone.ActiveCfg = Debug|Any CPU
		{EB0050BC-29FA-4666-913F-1E090DBBD275}.Debug|iPhone.Build.0 = Debug|Any CPU
		{EB0050BC-29FA-4666-913F-1E090DBBD275}.Debug|iPhone.Deploy.0 = Debug|Any CPU
		{EB0050BC-29FA-4666-913F-1E090DBBD275}.Debug|iPhoneSimulator.ActiveCfg = Debug|Any CPU
		{EB0050BC-29FA-4666-913F-1E090DBBD275}.Debug|iPhoneSimulator.Build.0 = Debug|Any CPU
		{EB0050BC-29FA-4666-913F-1E090DBBD275}.Debug|iPhoneSimulator.Deploy.0 = Debug|Any CPU
		{EB0050BC-29FA-4666-913F-1E090DBBD275}.Debug|x64.ActiveCfg = Debug|Any CPU
		{EB0050BC-29FA-4666-913F-1E090DBBD275}.Debug|x64.Build.0 = Debug|Any CPU
		{EB0050BC-29FA-4666-913F-1E090DBBD275}.Debug|x64.Deploy.0 = Debug|Any CPU
		{EB0050BC-29FA-4666-913F-1E090DBBD275}.Debug|x86.ActiveCfg = Debug|Any CPU
		{EB0050BC-29FA-4666-913F-1E090DBBD275}.Debug|x86.Build.0 = Debug|Any CPU
		{EB0050BC-29FA-4666-913F-1E090DBBD275}.Debug|x86.Deploy.0 = Debug|Any CPU
		{EB0050BC-29FA-4666-913F-1E090DBBD275}.Release|Any CPU.ActiveCfg = Release|Any CPU
		{EB0050BC-29FA-4666-913F-1E090DBBD275}.Release|Any CPU.Build.0 = Release|Any CPU
		{EB0050BC-29FA-4666-913F-1E090DBBD275}.Release|Any CPU.Deploy.0 = Release|Any CPU
		{EB0050BC-29FA-4666-913F-1E090DBBD275}.Release|ARM.ActiveCfg = Release|Any CPU
		{EB0050BC-29FA-4666-913F-1E090DBBD275}.Release|ARM.Build.0 = Release|Any CPU
		{EB0050BC-29FA-4666-913F-1E090DBBD275}.Release|ARM.Deploy.0 = Release|Any CPU
		{EB0050BC-29FA-4666-913F-1E090DBBD275}.Release|iPhone.ActiveCfg = Release|Any CPU
		{EB0050BC-29FA-4666-913F-1E090DBBD275}.Release|iPhone.Build.0 = Release|Any CPU
		{EB0050BC-29FA-4666-913F-1E090DBBD275}.Release|iPhone.Deploy.0 = Release|Any CPU
		{EB0050BC-29FA-4666-913F-1E090DBBD275}.Release|iPhoneSimulator.ActiveCfg = Release|Any CPU
		{EB0050BC-29FA-4666-913F-1E090DBBD275}.Release|iPhoneSimulator.Build.0 = Release|Any CPU
		{EB0050BC-29FA-4666-913F-1E090DBBD275}.Release|iPhoneSimulator.Deploy.0 = Release|Any CPU
		{EB0050BC-29FA-4666-913F-1E090DBBD275}.Release|x64.ActiveCfg = Release|Any CPU
		{EB0050BC-29FA-4666-913F-1E090DBBD275}.Release|x64.Build.0 = Release|Any CPU
		{EB0050BC-29FA-4666-913F-1E090DBBD275}.Release|x64.Deploy.0 = Release|Any CPU
		{EB0050BC-29FA-4666-913F-1E090DBBD275}.Release|x86.ActiveCfg = Release|Any CPU
		{EB0050BC-29FA-4666-913F-1E090DBBD275}.Release|x86.Build.0 = Release|Any CPU
		{EB0050BC-29FA-4666-913F-1E090DBBD275}.Release|x86.Deploy.0 = Release|Any CPU
		{A8D263E0-FAA2-4AC8-BA40-FD3C5D06BB65}.Ad-Hoc|Any CPU.ActiveCfg = Ad-Hoc|iPhone
		{A8D263E0-FAA2-4AC8-BA40-FD3C5D06BB65}.Ad-Hoc|Any CPU.Build.0 = Ad-Hoc|iPhone
		{A8D263E0-FAA2-4AC8-BA40-FD3C5D06BB65}.Ad-Hoc|Any CPU.Deploy.0 = Ad-Hoc|iPhone
		{A8D263E0-FAA2-4AC8-BA40-FD3C5D06BB65}.Ad-Hoc|ARM.ActiveCfg = Ad-Hoc|iPhone
		{A8D263E0-FAA2-4AC8-BA40-FD3C5D06BB65}.Ad-Hoc|ARM.Build.0 = Ad-Hoc|iPhone
		{A8D263E0-FAA2-4AC8-BA40-FD3C5D06BB65}.Ad-Hoc|ARM.Deploy.0 = Ad-Hoc|iPhone
		{A8D263E0-FAA2-4AC8-BA40-FD3C5D06BB65}.Ad-Hoc|iPhone.ActiveCfg = Ad-Hoc|iPhone
		{A8D263E0-FAA2-4AC8-BA40-FD3C5D06BB65}.Ad-Hoc|iPhone.Build.0 = Ad-Hoc|iPhone
		{A8D263E0-FAA2-4AC8-BA40-FD3C5D06BB65}.Ad-Hoc|iPhone.Deploy.0 = Ad-Hoc|iPhone
		{A8D263E0-FAA2-4AC8-BA40-FD3C5D06BB65}.Ad-Hoc|iPhoneSimulator.ActiveCfg = Ad-Hoc|iPhoneSimulator
		{A8D263E0-FAA2-4AC8-BA40-FD3C5D06BB65}.Ad-Hoc|iPhoneSimulator.Build.0 = Ad-Hoc|iPhoneSimulator
		{A8D263E0-FAA2-4AC8-BA40-FD3C5D06BB65}.Ad-Hoc|iPhoneSimulator.Deploy.0 = Ad-Hoc|iPhoneSimulator
		{A8D263E0-FAA2-4AC8-BA40-FD3C5D06BB65}.Ad-Hoc|x64.ActiveCfg = Ad-Hoc|iPhone
		{A8D263E0-FAA2-4AC8-BA40-FD3C5D06BB65}.Ad-Hoc|x64.Build.0 = Ad-Hoc|iPhone
		{A8D263E0-FAA2-4AC8-BA40-FD3C5D06BB65}.Ad-Hoc|x64.Deploy.0 = Ad-Hoc|iPhone
		{A8D263E0-FAA2-4AC8-BA40-FD3C5D06BB65}.Ad-Hoc|x86.ActiveCfg = Ad-Hoc|iPhone
		{A8D263E0-FAA2-4AC8-BA40-FD3C5D06BB65}.Ad-Hoc|x86.Build.0 = Ad-Hoc|iPhone
		{A8D263E0-FAA2-4AC8-BA40-FD3C5D06BB65}.Ad-Hoc|x86.Deploy.0 = Ad-Hoc|iPhone
		{A8D263E0-FAA2-4AC8-BA40-FD3C5D06BB65}.AppStore|Any CPU.ActiveCfg = AppStore|iPhone
		{A8D263E0-FAA2-4AC8-BA40-FD3C5D06BB65}.AppStore|Any CPU.Build.0 = AppStore|iPhone
		{A8D263E0-FAA2-4AC8-BA40-FD3C5D06BB65}.AppStore|Any CPU.Deploy.0 = AppStore|iPhone
		{A8D263E0-FAA2-4AC8-BA40-FD3C5D06BB65}.AppStore|ARM.ActiveCfg = AppStore|iPhone
		{A8D263E0-FAA2-4AC8-BA40-FD3C5D06BB65}.AppStore|ARM.Build.0 = AppStore|iPhone
		{A8D263E0-FAA2-4AC8-BA40-FD3C5D06BB65}.AppStore|ARM.Deploy.0 = AppStore|iPhone
		{A8D263E0-FAA2-4AC8-BA40-FD3C5D06BB65}.AppStore|iPhone.ActiveCfg = AppStore|iPhone
		{A8D263E0-FAA2-4AC8-BA40-FD3C5D06BB65}.AppStore|iPhone.Build.0 = AppStore|iPhone
		{A8D263E0-FAA2-4AC8-BA40-FD3C5D06BB65}.AppStore|iPhone.Deploy.0 = AppStore|iPhone
		{A8D263E0-FAA2-4AC8-BA40-FD3C5D06BB65}.AppStore|iPhoneSimulator.ActiveCfg = AppStore|iPhoneSimulator
		{A8D263E0-FAA2-4AC8-BA40-FD3C5D06BB65}.AppStore|iPhoneSimulator.Build.0 = AppStore|iPhoneSimulator
		{A8D263E0-FAA2-4AC8-BA40-FD3C5D06BB65}.AppStore|iPhoneSimulator.Deploy.0 = AppStore|iPhoneSimulator
		{A8D263E0-FAA2-4AC8-BA40-FD3C5D06BB65}.AppStore|x64.ActiveCfg = AppStore|iPhone
		{A8D263E0-FAA2-4AC8-BA40-FD3C5D06BB65}.AppStore|x64.Build.0 = AppStore|iPhone
		{A8D263E0-FAA2-4AC8-BA40-FD3C5D06BB65}.AppStore|x64.Deploy.0 = AppStore|iPhone
		{A8D263E0-FAA2-4AC8-BA40-FD3C5D06BB65}.AppStore|x86.ActiveCfg = AppStore|iPhone
		{A8D263E0-FAA2-4AC8-BA40-FD3C5D06BB65}.AppStore|x86.Build.0 = AppStore|iPhone
		{A8D263E0-FAA2-4AC8-BA40-FD3C5D06BB65}.AppStore|x86.Deploy.0 = AppStore|iPhone
		{A8D263E0-FAA2-4AC8-BA40-FD3C5D06BB65}.Debug|Any CPU.ActiveCfg = Debug|iPhoneSimulator
		{A8D263E0-FAA2-4AC8-BA40-FD3C5D06BB65}.Debug|Any CPU.Build.0 = Debug|iPhoneSimulator
		{A8D263E0-FAA2-4AC8-BA40-FD3C5D06BB65}.Debug|Any CPU.Deploy.0 = Debug|iPhoneSimulator
		{A8D263E0-FAA2-4AC8-BA40-FD3C5D06BB65}.Debug|ARM.ActiveCfg = Debug|iPhone
		{A8D263E0-FAA2-4AC8-BA40-FD3C5D06BB65}.Debug|ARM.Build.0 = Debug|iPhone
		{A8D263E0-FAA2-4AC8-BA40-FD3C5D06BB65}.Debug|ARM.Deploy.0 = Debug|iPhone
		{A8D263E0-FAA2-4AC8-BA40-FD3C5D06BB65}.Debug|iPhone.ActiveCfg = Debug|iPhone
		{A8D263E0-FAA2-4AC8-BA40-FD3C5D06BB65}.Debug|iPhone.Build.0 = Debug|iPhone
		{A8D263E0-FAA2-4AC8-BA40-FD3C5D06BB65}.Debug|iPhone.Deploy.0 = Debug|iPhone
		{A8D263E0-FAA2-4AC8-BA40-FD3C5D06BB65}.Debug|iPhoneSimulator.ActiveCfg = Debug|iPhoneSimulator
		{A8D263E0-FAA2-4AC8-BA40-FD3C5D06BB65}.Debug|iPhoneSimulator.Build.0 = Debug|iPhoneSimulator
		{A8D263E0-FAA2-4AC8-BA40-FD3C5D06BB65}.Debug|iPhoneSimulator.Deploy.0 = Debug|iPhoneSimulator
		{A8D263E0-FAA2-4AC8-BA40-FD3C5D06BB65}.Debug|x64.ActiveCfg = Debug|iPhone
		{A8D263E0-FAA2-4AC8-BA40-FD3C5D06BB65}.Debug|x64.Build.0 = Debug|iPhone
		{A8D263E0-FAA2-4AC8-BA40-FD3C5D06BB65}.Debug|x64.Deploy.0 = Debug|iPhone
		{A8D263E0-FAA2-4AC8-BA40-FD3C5D06BB65}.Debug|x86.ActiveCfg = Debug|iPhone
		{A8D263E0-FAA2-4AC8-BA40-FD3C5D06BB65}.Debug|x86.Build.0 = Debug|iPhone
		{A8D263E0-FAA2-4AC8-BA40-FD3C5D06BB65}.Debug|x86.Deploy.0 = Debug|iPhone
		{A8D263E0-FAA2-4AC8-BA40-FD3C5D06BB65}.Release|Any CPU.ActiveCfg = Release|iPhone
		{A8D263E0-FAA2-4AC8-BA40-FD3C5D06BB65}.Release|Any CPU.Build.0 = Release|iPhone
		{A8D263E0-FAA2-4AC8-BA40-FD3C5D06BB65}.Release|Any CPU.Deploy.0 = Release|iPhone
		{A8D263E0-FAA2-4AC8-BA40-FD3C5D06BB65}.Release|ARM.ActiveCfg = Release|iPhone
		{A8D263E0-FAA2-4AC8-BA40-FD3C5D06BB65}.Release|ARM.Build.0 = Release|iPhone
		{A8D263E0-FAA2-4AC8-BA40-FD3C5D06BB65}.Release|ARM.Deploy.0 = Release|iPhone
		{A8D263E0-FAA2-4AC8-BA40-FD3C5D06BB65}.Release|iPhone.ActiveCfg = Release|iPhone
		{A8D263E0-FAA2-4AC8-BA40-FD3C5D06BB65}.Release|iPhone.Build.0 = Release|iPhone
		{A8D263E0-FAA2-4AC8-BA40-FD3C5D06BB65}.Release|iPhone.Deploy.0 = Release|iPhone
		{A8D263E0-FAA2-4AC8-BA40-FD3C5D06BB65}.Release|iPhoneSimulator.ActiveCfg = Release|iPhoneSimulator
		{A8D263E0-FAA2-4AC8-BA40-FD3C5D06BB65}.Release|iPhoneSimulator.Build.0 = Release|iPhoneSimulator
		{A8D263E0-FAA2-4AC8-BA40-FD3C5D06BB65}.Release|iPhoneSimulator.Deploy.0 = Release|iPhoneSimulator
		{A8D263E0-FAA2-4AC8-BA40-FD3C5D06BB65}.Release|x64.ActiveCfg = Release|iPhone
		{A8D263E0-FAA2-4AC8-BA40-FD3C5D06BB65}.Release|x64.Build.0 = Release|iPhone
		{A8D263E0-FAA2-4AC8-BA40-FD3C5D06BB65}.Release|x64.Deploy.0 = Release|iPhone
		{A8D263E0-FAA2-4AC8-BA40-FD3C5D06BB65}.Release|x86.ActiveCfg = Release|iPhone
		{A8D263E0-FAA2-4AC8-BA40-FD3C5D06BB65}.Release|x86.Build.0 = Release|iPhone
		{A8D263E0-FAA2-4AC8-BA40-FD3C5D06BB65}.Release|x86.Deploy.0 = Release|iPhone
		{CC8264A0-8A63-400D-8205-5D7397187473}.Ad-Hoc|Any CPU.ActiveCfg = Release|x86
		{CC8264A0-8A63-400D-8205-5D7397187473}.Ad-Hoc|Any CPU.Build.0 = Release|x86
		{CC8264A0-8A63-400D-8205-5D7397187473}.Ad-Hoc|Any CPU.Deploy.0 = Release|x86
		{CC8264A0-8A63-400D-8205-5D7397187473}.Ad-Hoc|ARM.ActiveCfg = Release|ARM
		{CC8264A0-8A63-400D-8205-5D7397187473}.Ad-Hoc|ARM.Build.0 = Release|ARM
		{CC8264A0-8A63-400D-8205-5D7397187473}.Ad-Hoc|ARM.Deploy.0 = Release|ARM
		{CC8264A0-8A63-400D-8205-5D7397187473}.Ad-Hoc|iPhone.ActiveCfg = Release|x86
		{CC8264A0-8A63-400D-8205-5D7397187473}.Ad-Hoc|iPhone.Build.0 = Release|x86
		{CC8264A0-8A63-400D-8205-5D7397187473}.Ad-Hoc|iPhone.Deploy.0 = Release|x86
		{CC8264A0-8A63-400D-8205-5D7397187473}.Ad-Hoc|iPhoneSimulator.ActiveCfg = Release|x86
		{CC8264A0-8A63-400D-8205-5D7397187473}.Ad-Hoc|iPhoneSimulator.Build.0 = Release|x86
		{CC8264A0-8A63-400D-8205-5D7397187473}.Ad-Hoc|iPhoneSimulator.Deploy.0 = Release|x86
		{CC8264A0-8A63-400D-8205-5D7397187473}.Ad-Hoc|x64.ActiveCfg = Release|x64
		{CC8264A0-8A63-400D-8205-5D7397187473}.Ad-Hoc|x64.Build.0 = Release|x64
		{CC8264A0-8A63-400D-8205-5D7397187473}.Ad-Hoc|x64.Deploy.0 = Release|x64
		{CC8264A0-8A63-400D-8205-5D7397187473}.Ad-Hoc|x86.ActiveCfg = Release|x86
		{CC8264A0-8A63-400D-8205-5D7397187473}.Ad-Hoc|x86.Build.0 = Release|x86
		{CC8264A0-8A63-400D-8205-5D7397187473}.Ad-Hoc|x86.Deploy.0 = Release|x86
		{CC8264A0-8A63-400D-8205-5D7397187473}.AppStore|Any CPU.ActiveCfg = Release|x86
		{CC8264A0-8A63-400D-8205-5D7397187473}.AppStore|Any CPU.Build.0 = Release|x86
		{CC8264A0-8A63-400D-8205-5D7397187473}.AppStore|Any CPU.Deploy.0 = Release|x86
		{CC8264A0-8A63-400D-8205-5D7397187473}.AppStore|ARM.ActiveCfg = Release|ARM
		{CC8264A0-8A63-400D-8205-5D7397187473}.AppStore|ARM.Build.0 = Release|ARM
		{CC8264A0-8A63-400D-8205-5D7397187473}.AppStore|ARM.Deploy.0 = Release|ARM
		{CC8264A0-8A63-400D-8205-5D7397187473}.AppStore|iPhone.ActiveCfg = Release|x86
		{CC8264A0-8A63-400D-8205-5D7397187473}.AppStore|iPhone.Build.0 = Release|x86
		{CC8264A0-8A63-400D-8205-5D7397187473}.AppStore|iPhone.Deploy.0 = Release|x86
		{CC8264A0-8A63-400D-8205-5D7397187473}.AppStore|iPhoneSimulator.ActiveCfg = Release|x86
		{CC8264A0-8A63-400D-8205-5D7397187473}.AppStore|iPhoneSimulator.Build.0 = Release|x86
		{CC8264A0-8A63-400D-8205-5D7397187473}.AppStore|iPhoneSimulator.Deploy.0 = Release|x86
		{CC8264A0-8A63-400D-8205-5D7397187473}.AppStore|x64.ActiveCfg = Release|x64
		{CC8264A0-8A63-400D-8205-5D7397187473}.AppStore|x64.Build.0 = Release|x64
		{CC8264A0-8A63-400D-8205-5D7397187473}.AppStore|x64.Deploy.0 = Release|x64
		{CC8264A0-8A63-400D-8205-5D7397187473}.AppStore|x86.ActiveCfg = Release|x86
		{CC8264A0-8A63-400D-8205-5D7397187473}.AppStore|x86.Build.0 = Release|x86
		{CC8264A0-8A63-400D-8205-5D7397187473}.AppStore|x86.Deploy.0 = Release|x86
		{CC8264A0-8A63-400D-8205-5D7397187473}.Debug|Any CPU.ActiveCfg = Debug|x86
		{CC8264A0-8A63-400D-8205-5D7397187473}.Debug|Any CPU.Build.0 = Debug|x86
		{CC8264A0-8A63-400D-8205-5D7397187473}.Debug|Any CPU.Deploy.0 = Debug|x86
		{CC8264A0-8A63-400D-8205-5D7397187473}.Debug|ARM.ActiveCfg = Debug|ARM
		{CC8264A0-8A63-400D-8205-5D7397187473}.Debug|ARM.Build.0 = Debug|ARM
		{CC8264A0-8A63-400D-8205-5D7397187473}.Debug|ARM.Deploy.0 = Debug|ARM
		{CC8264A0-8A63-400D-8205-5D7397187473}.Debug|iPhone.ActiveCfg = Debug|x86
		{CC8264A0-8A63-400D-8205-5D7397187473}.Debug|iPhone.Build.0 = Debug|x86
		{CC8264A0-8A63-400D-8205-5D7397187473}.Debug|iPhone.Deploy.0 = Debug|x86
		{CC8264A0-8A63-400D-8205-5D7397187473}.Debug|iPhoneSimulator.ActiveCfg = Debug|x86
		{CC8264A0-8A63-400D-8205-5D7397187473}.Debug|iPhoneSimulator.Build.0 = Debug|x86
		{CC8264A0-8A63-400D-8205-5D7397187473}.Debug|iPhoneSimulator.Deploy.0 = Debug|x86
		{CC8264A0-8A63-400D-8205-5D7397187473}.Debug|x64.ActiveCfg = Debug|x64
		{CC8264A0-8A63-400D-8205-5D7397187473}.Debug|x64.Build.0 = Debug|x64
		{CC8264A0-8A63-400D-8205-5D7397187473}.Debug|x64.Deploy.0 = Debug|x64
		{CC8264A0-8A63-400D-8205-5D7397187473}.Debug|x86.ActiveCfg = Debug|x86
		{CC8264A0-8A63-400D-8205-5D7397187473}.Debug|x86.Build.0 = Debug|x86
		{CC8264A0-8A63-400D-8205-5D7397187473}.Debug|x86.Deploy.0 = Debug|x86
		{CC8264A0-8A63-400D-8205-5D7397187473}.Release|Any CPU.ActiveCfg = Release|x86
		{CC8264A0-8A63-400D-8205-5D7397187473}.Release|Any CPU.Build.0 = Release|x86
		{CC8264A0-8A63-400D-8205-5D7397187473}.Release|Any CPU.Deploy.0 = Release|x86
		{CC8264A0-8A63-400D-8205-5D7397187473}.Release|ARM.ActiveCfg = Release|ARM
		{CC8264A0-8A63-400D-8205-5D7397187473}.Release|ARM.Build.0 = Release|ARM
		{CC8264A0-8A63-400D-8205-5D7397187473}.Release|ARM.Deploy.0 = Release|ARM
		{CC8264A0-8A63-400D-8205-5D7397187473}.Release|iPhone.ActiveCfg = Release|x86
		{CC8264A0-8A63-400D-8205-5D7397187473}.Release|iPhone.Build.0 = Release|x86
		{CC8264A0-8A63-400D-8205-5D7397187473}.Release|iPhone.Deploy.0 = Release|x86
		{CC8264A0-8A63-400D-8205-5D7397187473}.Release|iPhoneSimulator.ActiveCfg = Release|x86
		{CC8264A0-8A63-400D-8205-5D7397187473}.Release|iPhoneSimulator.Build.0 = Release|x86
		{CC8264A0-8A63-400D-8205-5D7397187473}.Release|iPhoneSimulator.Deploy.0 = Release|x86
		{CC8264A0-8A63-400D-8205-5D7397187473}.Release|x64.ActiveCfg = Release|x64
		{CC8264A0-8A63-400D-8205-5D7397187473}.Release|x64.Build.0 = Release|x64
		{CC8264A0-8A63-400D-8205-5D7397187473}.Release|x64.Deploy.0 = Release|x64
		{CC8264A0-8A63-400D-8205-5D7397187473}.Release|x86.ActiveCfg = Release|x86
		{CC8264A0-8A63-400D-8205-5D7397187473}.Release|x86.Build.0 = Release|x86
		{CC8264A0-8A63-400D-8205-5D7397187473}.Release|x86.Deploy.0 = Release|x86
		{33A1920B-1B36-4403-8F97-2CDE69092199}.Ad-Hoc|Any CPU.ActiveCfg = Debug|Any CPU
		{33A1920B-1B36-4403-8F97-2CDE69092199}.Ad-Hoc|Any CPU.Build.0 = Debug|Any CPU
		{33A1920B-1B36-4403-8F97-2CDE69092199}.Ad-Hoc|Any CPU.Deploy.0 = Debug|Any CPU
		{33A1920B-1B36-4403-8F97-2CDE69092199}.Ad-Hoc|ARM.ActiveCfg = Debug|Any CPU
		{33A1920B-1B36-4403-8F97-2CDE69092199}.Ad-Hoc|ARM.Build.0 = Debug|Any CPU
		{33A1920B-1B36-4403-8F97-2CDE69092199}.Ad-Hoc|ARM.Deploy.0 = Debug|Any CPU
		{33A1920B-1B36-4403-8F97-2CDE69092199}.Ad-Hoc|iPhone.ActiveCfg = Debug|Any CPU
		{33A1920B-1B36-4403-8F97-2CDE69092199}.Ad-Hoc|iPhone.Build.0 = Debug|Any CPU
		{33A1920B-1B36-4403-8F97-2CDE69092199}.Ad-Hoc|iPhone.Deploy.0 = Debug|Any CPU
		{33A1920B-1B36-4403-8F97-2CDE69092199}.Ad-Hoc|iPhoneSimulator.ActiveCfg = Debug|Any CPU
		{33A1920B-1B36-4403-8F97-2CDE69092199}.Ad-Hoc|iPhoneSimulator.Build.0 = Debug|Any CPU
		{33A1920B-1B36-4403-8F97-2CDE69092199}.Ad-Hoc|iPhoneSimulator.Deploy.0 = Debug|Any CPU
		{33A1920B-1B36-4403-8F97-2CDE69092199}.Ad-Hoc|x64.ActiveCfg = Debug|Any CPU
		{33A1920B-1B36-4403-8F97-2CDE69092199}.Ad-Hoc|x64.Build.0 = Debug|Any CPU
		{33A1920B-1B36-4403-8F97-2CDE69092199}.Ad-Hoc|x64.Deploy.0 = Debug|Any CPU
		{33A1920B-1B36-4403-8F97-2CDE69092199}.Ad-Hoc|x86.ActiveCfg = Debug|Any CPU
		{33A1920B-1B36-4403-8F97-2CDE69092199}.Ad-Hoc|x86.Build.0 = Debug|Any CPU
		{33A1920B-1B36-4403-8F97-2CDE69092199}.Ad-Hoc|x86.Deploy.0 = Debug|Any CPU
		{33A1920B-1B36-4403-8F97-2CDE69092199}.AppStore|Any CPU.ActiveCfg = Debug|Any CPU
		{33A1920B-1B36-4403-8F97-2CDE69092199}.AppStore|Any CPU.Build.0 = Debug|Any CPU
		{33A1920B-1B36-4403-8F97-2CDE69092199}.AppStore|Any CPU.Deploy.0 = Debug|Any CPU
		{33A1920B-1B36-4403-8F97-2CDE69092199}.AppStore|ARM.ActiveCfg = Debug|Any CPU
		{33A1920B-1B36-4403-8F97-2CDE69092199}.AppStore|ARM.Build.0 = Debug|Any CPU
		{33A1920B-1B36-4403-8F97-2CDE69092199}.AppStore|ARM.Deploy.0 = Debug|Any CPU
		{33A1920B-1B36-4403-8F97-2CDE69092199}.AppStore|iPhone.ActiveCfg = Debug|Any CPU
		{33A1920B-1B36-4403-8F97-2CDE69092199}.AppStore|iPhone.Build.0 = Debug|Any CPU
		{33A1920B-1B36-4403-8F97-2CDE69092199}.AppStore|iPhone.Deploy.0 = Debug|Any CPU
		{33A1920B-1B36-4403-8F97-2CDE69092199}.AppStore|iPhoneSimulator.ActiveCfg = Debug|Any CPU
		{33A1920B-1B36-4403-8F97-2CDE69092199}.AppStore|iPhoneSimulator.Build.0 = Debug|Any CPU
		{33A1920B-1B36-4403-8F97-2CDE69092199}.AppStore|iPhoneSimulator.Deploy.0 = Debug|Any CPU
		{33A1920B-1B36-4403-8F97-2CDE69092199}.AppStore|x64.ActiveCfg = Debug|Any CPU
		{33A1920B-1B36-4403-8F97-2CDE69092199}.AppStore|x64.Build.0 = Debug|Any CPU
		{33A1920B-1B36-4403-8F97-2CDE69092199}.AppStore|x64.Deploy.0 = Debug|Any CPU
		{33A1920B-1B36-4403-8F97-2CDE69092199}.AppStore|x86.ActiveCfg = Debug|Any CPU
		{33A1920B-1B36-4403-8F97-2CDE69092199}.AppStore|x86.Build.0 = Debug|Any CPU
		{33A1920B-1B36-4403-8F97-2CDE69092199}.AppStore|x86.Deploy.0 = Debug|Any CPU
		{33A1920B-1B36-4403-8F97-2CDE69092199}.Debug|Any CPU.ActiveCfg = Debug|Any CPU
		{33A1920B-1B36-4403-8F97-2CDE69092199}.Debug|Any CPU.Build.0 = Debug|Any CPU
		{33A1920B-1B36-4403-8F97-2CDE69092199}.Debug|Any CPU.Deploy.0 = Debug|Any CPU
		{33A1920B-1B36-4403-8F97-2CDE69092199}.Debug|ARM.ActiveCfg = Debug|Any CPU
		{33A1920B-1B36-4403-8F97-2CDE69092199}.Debug|ARM.Build.0 = Debug|Any CPU
		{33A1920B-1B36-4403-8F97-2CDE69092199}.Debug|ARM.Deploy.0 = Debug|Any CPU
		{33A1920B-1B36-4403-8F97-2CDE69092199}.Debug|iPhone.ActiveCfg = Debug|Any CPU
		{33A1920B-1B36-4403-8F97-2CDE69092199}.Debug|iPhone.Build.0 = Debug|Any CPU
		{33A1920B-1B36-4403-8F97-2CDE69092199}.Debug|iPhone.Deploy.0 = Debug|Any CPU
		{33A1920B-1B36-4403-8F97-2CDE69092199}.Debug|iPhoneSimulator.ActiveCfg = Debug|Any CPU
		{33A1920B-1B36-4403-8F97-2CDE69092199}.Debug|iPhoneSimulator.Build.0 = Debug|Any CPU
		{33A1920B-1B36-4403-8F97-2CDE69092199}.Debug|iPhoneSimulator.Deploy.0 = Debug|Any CPU
		{33A1920B-1B36-4403-8F97-2CDE69092199}.Debug|x64.ActiveCfg = Debug|Any CPU
		{33A1920B-1B36-4403-8F97-2CDE69092199}.Debug|x64.Build.0 = Debug|Any CPU
		{33A1920B-1B36-4403-8F97-2CDE69092199}.Debug|x64.Deploy.0 = Debug|Any CPU
		{33A1920B-1B36-4403-8F97-2CDE69092199}.Debug|x86.ActiveCfg = Debug|Any CPU
		{33A1920B-1B36-4403-8F97-2CDE69092199}.Debug|x86.Build.0 = Debug|Any CPU
		{33A1920B-1B36-4403-8F97-2CDE69092199}.Debug|x86.Deploy.0 = Debug|Any CPU
		{33A1920B-1B36-4403-8F97-2CDE69092199}.Release|Any CPU.ActiveCfg = Release|Any CPU
		{33A1920B-1B36-4403-8F97-2CDE69092199}.Release|Any CPU.Build.0 = Release|Any CPU
		{33A1920B-1B36-4403-8F97-2CDE69092199}.Release|Any CPU.Deploy.0 = Release|Any CPU
		{33A1920B-1B36-4403-8F97-2CDE69092199}.Release|ARM.ActiveCfg = Release|Any CPU
		{33A1920B-1B36-4403-8F97-2CDE69092199}.Release|ARM.Build.0 = Release|Any CPU
		{33A1920B-1B36-4403-8F97-2CDE69092199}.Release|ARM.Deploy.0 = Release|Any CPU
		{33A1920B-1B36-4403-8F97-2CDE69092199}.Release|iPhone.ActiveCfg = Release|Any CPU
		{33A1920B-1B36-4403-8F97-2CDE69092199}.Release|iPhone.Build.0 = Release|Any CPU
		{33A1920B-1B36-4403-8F97-2CDE69092199}.Release|iPhone.Deploy.0 = Release|Any CPU
		{33A1920B-1B36-4403-8F97-2CDE69092199}.Release|iPhoneSimulator.ActiveCfg = Release|Any CPU
		{33A1920B-1B36-4403-8F97-2CDE69092199}.Release|iPhoneSimulator.Build.0 = Release|Any CPU
		{33A1920B-1B36-4403-8F97-2CDE69092199}.Release|iPhoneSimulator.Deploy.0 = Release|Any CPU
		{33A1920B-1B36-4403-8F97-2CDE69092199}.Release|x64.ActiveCfg = Release|Any CPU
		{33A1920B-1B36-4403-8F97-2CDE69092199}.Release|x64.Build.0 = Release|Any CPU
		{33A1920B-1B36-4403-8F97-2CDE69092199}.Release|x64.Deploy.0 = Release|Any CPU
		{33A1920B-1B36-4403-8F97-2CDE69092199}.Release|x86.ActiveCfg = Release|Any CPU
		{33A1920B-1B36-4403-8F97-2CDE69092199}.Release|x86.Build.0 = Release|Any CPU
		{33A1920B-1B36-4403-8F97-2CDE69092199}.Release|x86.Deploy.0 = Release|Any CPU
	EndGlobalSection
	GlobalSection(SolutionProperties) = preSolution
		HideSolutionNode = FALSE
	EndGlobalSection
	GlobalSection(ExtensibilityGlobals) = postSolution
		SolutionGuid = {FAC36F28-547E-43C2-AE1C-9B7C94AE4EC1}
	EndGlobalSection
EndGlobal
